# This file is autogenerated, do not edit; changes may be undone by the next 'dep ensure'.


[[projects]]
  branch = "master"
  name = "github.com/matteocontrini/locuspocusbot"
  packages = ["tg"]
  revision = "70f155e92c01179dc580d08a045e602ff5de50f5"

[solve-meta]
  analyzer-name = "dep"
  analyzer-version = 1
  inputs-digest = "f09e57e6ab74df96946462921995c4a7bbe72405a18c187ea37c88f273d5024f"
  solver-name = "gps-cdcl"
  solver-version = 1
